
Microsoft Visual Studio Solution File, Format Version 12.00
# Visual Studio Version 17
VisualStudioVersion = 17.5.33516.290
MinimumVisualStudioVersion = 10.0.40219.1
Project("{FAE04EC0-301F-11D3-BF4B-00C04F79EFBC}") = "fallin-foxtrot", "fallin-foxtrot.csproj", "{795C4FEB-51DA-4B3F-904D-FE60539C1125}"
EndProject
Global
	GlobalSection(SolutionConfigurationPlatforms) = preSolution
		Debug|Any CPU = Debug|Any CPU
		Release|Any CPU = Release|Any CPU
	EndGlobalSection
	GlobalSection(ProjectConfigurationPlatforms) = postSolution
		{795C4FEB-51DA-4B3F-904D-FE60539C1125}.Debug|Any CPU.ActiveCfg = Debug|Any CPU
		{795C4FEB-51DA-4B3F-904D-FE60539C1125}.Debug|Any CPU.Build.0 = Debug|Any CPU
		{795C4FEB-51DA-4B3F-904D-FE60539C1125}.Release|Any CPU.ActiveCfg = Release|Any CPU
		{795C4FEB-51DA-4B3F-904D-FE60539C1125}.Release|Any CPU.Build.0 = Release|Any CPU
	EndGlobalSection
	GlobalSection(SolutionProperties) = preSolution
		HideSolutionNode = FALSE
	EndGlobalSection
	GlobalSection(ExtensibilityGlobals) = postSolution
		SolutionGuid = {AD3AA46C-97FE-4DE6-BFD2-34BEC0A225CF}
	EndGlobalSection
EndGlobal
